// !$*UTF8*$!
{
	archiveVersion = 1;
	classes = {
	};
	objectVersion = 46;
	objects = {

/* Begin PBXBuildFile section */
		367AF8731CBDEA3F0061EAE5 /* Post.swift in Sources */ = {isa = PBXBuildFile; fileRef = 367AF8721CBDEA3F0061EAE5 /* Post.swift */; };
		367AF8761CBDF3000061EAE5 /* PostCell.swift in Sources */ = {isa = PBXBuildFile; fileRef = 367AF8751CBDF3000061EAE5 /* PostCell.swift */; };
		367AF8791CBDFE370061EAE5 /* AddPostVC.swift in Sources */ = {isa = PBXBuildFile; fileRef = 367AF8781CBDFE370061EAE5 /* AddPostVC.swift */; };
		367AF87B1CBE02690061EAE5 /* circularImg.swift in Sources */ = {isa = PBXBuildFile; fileRef = 367AF87A1CBE02690061EAE5 /* circularImg.swift */; };
		367AF87D1CBE87290061EAE5 /* DataService.swift in Sources */ = {isa = PBXBuildFile; fileRef = 367AF87C1CBE87290061EAE5 /* DataService.swift */; };
		36D71BE11CB339040063CDE8 /* AppDelegate.swift in Sources */ = {isa = PBXBuildFile; fileRef = 36D71BE01CB339040063CDE8 /* AppDelegate.swift */; };
		36D71BE31CB339040063CDE8 /* ViewController.swift in Sources */ = {isa = PBXBuildFile; fileRef = 36D71BE21CB339040063CDE8 /* ViewController.swift */; };
		36D71BE61CB339040063CDE8 /* Main.storyboard in Resources */ = {isa = PBXBuildFile; fileRef = 36D71BE41CB339040063CDE8 /* Main.storyboard */; };
		36D71BE81CB339040063CDE8 /* Assets.xcassets in Resources */ = {isa = PBXBuildFile; fileRef = 36D71BE71CB339040063CDE8 /* Assets.xcassets */; };
		36D71BEB1CB339040063CDE8 /* LaunchScreen.storyboard in Resources */ = {isa = PBXBuildFile; fileRef = 36D71BE91CB339040063CDE8 /* LaunchScreen.storyboard */; };
		36D71BF61CB339040063CDE8 /* MyHoodAppTests.swift in Sources */ = {isa = PBXBuildFile; fileRef = 36D71BF51CB339040063CDE8 /* MyHoodAppTests.swift */; };
		36D71C011CB339040063CDE8 /* MyHoodAppUITests.swift in Sources */ = {isa = PBXBuildFile; fileRef = 36D71C001CB339040063CDE8 /* MyHoodAppUITests.swift */; };
/* End PBXBuildFile section */

/* Begin PBXContainerItemProxy section */
		36D71BF21CB339040063CDE8 /* PBXContainerItemProxy */ = {
			isa = PBXContainerItemProxy;
			containerPortal = 36D71BD51CB339040063CDE8 /* Project object */;
			proxyType = 1;
			remoteGlobalIDString = 36D71BDC1CB339040063CDE8;
			remoteInfo = MyHoodApp;
		};
		36D71BFD1CB339040063CDE8 /* PBXContainerItemProxy */ = {
			isa = PBXContainerItemProxy;
			containerPortal = 36D71BD51CB339040063CDE8 /* Project object */;
			proxyType = 1;
			remoteGlobalIDString = 36D71BDC1CB339040063CDE8;
			remoteInfo = MyHoodApp;
		};
/* End PBXContainerItemProxy section */

/* Begin PBXFileReference section */
		367AF8721CBDEA3F0061EAE5 /* Post.swift */ = {isa = PBXFileReference; fileEncoding = 4; lastKnownFileType = sourcecode.swift; path = Post.swift; sourceTree = "<group>"; };
		367AF8751CBDF3000061EAE5 /* PostCell.swift */ = {isa = PBXFileReference; fileEncoding = 4; lastKnownFileType = sourcecode.swift; path = PostCell.swift; sourceTree = "<group>"; };
		367AF8781CBDFE370061EAE5 /* AddPostVC.swift */ = {isa = PBXFileReference; fileEncoding = 4; lastKnownFileType = sourcecode.swift; path = AddPostVC.swift; sourceTree = "<group>"; };
		367AF87A1CBE02690061EAE5 /* circularImg.swift */ = {isa = PBXFileReference; fileEncoding = 4; lastKnownFileType = sourcecode.swift; path = circularImg.swift; sourceTree = "<group>"; };
		367AF87C1CBE87290061EAE5 /* DataService.swift */ = {isa = PBXFileReference; fileEncoding = 4; lastKnownFileType = sourcecode.swift; name = DataService.swift; path = ../DataService.swift; sourceTree = "<group>"; };
		36D71BDD1CB339040063CDE8 /* MyHoodApp.app */ = {isa = PBXFileReference; explicitFileType = wrapper.application; includeInIndex = 0; path = MyHoodApp.app; sourceTree = BUILT_PRODUCTS_DIR; };
		36D71BE01CB339040063CDE8 /* AppDelegate.swift */ = {isa = PBXFileReference; lastKnownFileType = sourcecode.swift; path = AppDelegate.swift; sourceTree = "<group>"; };
		36D71BE21CB339040063CDE8 /* ViewController.swift */ = {isa = PBXFileReference; lastKnownFileType = sourcecode.swift; name = ViewController.swift; path = MyHoodApp/ViewController.swift; sourceTree = "<group>"; };
		36D71BE51CB339040063CDE8 /* Base */ = {isa = PBXFileReference; lastKnownFileType = file.storyboard; name = Base; path = Base.lproj/Main.storyboard; sourceTree = "<group>"; };
		36D71BE71CB339040063CDE8 /* Assets.xcassets */ = {isa = PBXFileReference; lastKnownFileType = folder.assetcatalog; path = Assets.xcassets; sourceTree = "<group>"; };
		36D71BEA1CB339040063CDE8 /* Base */ = {isa = PBXFileReference; lastKnownFileType = file.storyboard; name = Base; path = Base.lproj/LaunchScreen.storyboard; sourceTree = "<group>"; };
		36D71BEC1CB339040063CDE8 /* Info.plist */ = {isa = PBXFileReference; lastKnownFileType = text.plist.xml; path = Info.plist; sourceTree = "<group>"; };
		36D71BF11CB339040063CDE8 /* MyHoodAppTests.xctest */ = {isa = PBXFileReference; explicitFileType = wrapper.cfbundle; includeInIndex = 0; path = MyHoodAppTests.xctest; sourceTree = BUILT_PRODUCTS_DIR; };
		36D71BF51CB339040063CDE8 /* MyHoodAppTests.swift */ = {isa = PBXFileReference; lastKnownFileType = sourcecode.swift; path = MyHoodAppTests.swift; sourceTree = "<group>"; };
		36D71BF71CB339040063CDE8 /* Info.plist */ = {isa = PBXFileReference; lastKnownFileType = text.plist.xml; path = Info.plist; sourceTree = "<group>"; };
		36D71BFC1CB339040063CDE8 /* MyHoodAppUITests.xctest */ = {isa = PBXFileReference; explicitFileType = wrapper.cfbundle; includeInIndex = 0; path = MyHoodAppUITests.xctest; sourceTree = BUILT_PRODUCTS_DIR; };
		36D71C001CB339040063CDE8 /* MyHoodAppUITests.swift */ = {isa = PBXFileReference; lastKnownFileType = sourcecode.swift; path = MyHoodAppUITests.swift; sourceTree = "<group>"; };
		36D71C021CB339040063CDE8 /* Info.plist */ = {isa = PBXFileReference; lastKnownFileType = text.plist.xml; path = Info.plist; sourceTree = "<group>"; };
/* End PBXFileReference section */

/* Begin PBXFrameworksBuildPhase section */
		36D71BDA1CB339040063CDE8 /* Frameworks */ = {
			isa = PBXFrameworksBuildPhase;
			buildActionMask = 2147483647;
			files = (
			);
			runOnlyForDeploymentPostprocessing = 0;
		};
		36D71BEE1CB339040063CDE8 /* Frameworks */ = {
			isa = PBXFrameworksBuildPhase;
			buildActionMask = 2147483647;
			files = (
			);
			runOnlyForDeploymentPostprocessing = 0;
		};
		36D71BF91CB339040063CDE8 /* Frameworks */ = {
			isa = PBXFrameworksBuildPhase;
			buildActionMask = 2147483647;
			files = (
			);
			runOnlyForDeploymentPostprocessing = 0;
		};
/* End PBXFrameworksBuildPhase section */

/* Begin PBXGroup section */
		367AF8711CBDE9A70061EAE5 /* Model */ = {
			isa = PBXGroup;
			children = (
				367AF8721CBDEA3F0061EAE5 /* Post.swift */,
			);
			name = Model;
			sourceTree = "<group>";
		};
		367AF8741CBDF2C50061EAE5 /* View */ = {
			isa = PBXGroup;
			children = (
				36D71BE91CB339040063CDE8 /* LaunchScreen.storyboard */,
				36D71BE41CB339040063CDE8 /* Main.storyboard */,
				367AF87A1CBE02690061EAE5 /* circularImg.swift */,
				367AF8751CBDF3000061EAE5 /* PostCell.swift */,
			);
			name = View;
			sourceTree = "<group>";
		};
		367AF8771CBDFDBE0061EAE5 /* Controller */ = {
			isa = PBXGroup;
			children = (
				36D71BE21CB339040063CDE8 /* ViewController.swift */,
				367AF8781CBDFE370061EAE5 /* AddPostVC.swift */,
			);
			name = Controller;
			path = ..;
			sourceTree = "<group>";
		};
		367AF87E1CBE87330061EAE5 /* Services */ = {
			isa = PBXGroup;
			children = (
				367AF87C1CBE87290061EAE5 /* DataService.swift */,
			);
			name = Services;
			sourceTree = "<group>";
		};
		36D71BD41CB339040063CDE8 = {
			isa = PBXGroup;
			children = (
				36D71BDF1CB339040063CDE8 /* MyHoodApp */,
				36D71BF41CB339040063CDE8 /* MyHoodAppTests */,
				36D71BFF1CB339040063CDE8 /* MyHoodAppUITests */,
				36D71BDE1CB339040063CDE8 /* Products */,
			);
			sourceTree = "<group>";
		};
		36D71BDE1CB339040063CDE8 /* Products */ = {
			isa = PBXGroup;
			children = (
				36D71BDD1CB339040063CDE8 /* MyHoodApp.app */,
				36D71BF11CB339040063CDE8 /* MyHoodAppTests.xctest */,
				36D71BFC1CB339040063CDE8 /* MyHoodAppUITests.xctest */,
			);
			name = Products;
			sourceTree = "<group>";
		};
		36D71BDF1CB339040063CDE8 /* MyHoodApp */ = {
			isa = PBXGroup;
			children = (
				367AF87E1CBE87330061EAE5 /* Services */,
				367AF8711CBDE9A70061EAE5 /* Model */,
				367AF8741CBDF2C50061EAE5 /* View */,
				367AF8771CBDFDBE0061EAE5 /* Controller */,
				36D71BE71CB339040063CDE8 /* Assets.xcassets */,
				36D71BE01CB339040063CDE8 /* AppDelegate.swift */,
				36D71BEC1CB339040063CDE8 /* Info.plist */,
			);
			path = MyHoodApp;
			sourceTree = "<group>";
		};
		36D71BF41CB339040063CDE8 /* MyHoodAppTests */ = {
			isa = PBXGroup;
			children = (
				36D71BF51CB339040063CDE8 /* MyHoodAppTests.swift */,
				36D71BF71CB339040063CDE8 /* Info.plist */,
			);
			path = MyHoodAppTests;
			sourceTree = "<group>";
		};
		36D71BFF1CB339040063CDE8 /* MyHoodAppUITests */ = {
			isa = PBXGroup;
			children = (
				36D71C001CB339040063CDE8 /* MyHoodAppUITests.swift */,
				36D71C021CB339040063CDE8 /* Info.plist */,
			);
			path = MyHoodAppUITests;
			sourceTree = "<group>";
		};
/* End PBXGroup section */

/* Begin PBXNativeTarget section */
		36D71BDC1CB339040063CDE8 /* MyHoodApp */ = {
			isa = PBXNativeTarget;
			buildConfigurationList = 36D71C051CB339040063CDE8 /* Build configuration list for PBXNativeTarget "MyHoodApp" */;
			buildPhases = (
				36D71BD91CB339040063CDE8 /* Sources */,
				36D71BDA1CB339040063CDE8 /* Frameworks */,
				36D71BDB1CB339040063CDE8 /* Resources */,
			);
			buildRules = (
			);
			dependencies = (
			);
			name = MyHoodApp;
			productName = MyHoodApp;
			productReference = 36D71BDD1CB339040063CDE8 /* MyHoodApp.app */;
			productType = "com.apple.product-type.application";
		};
		36D71BF01CB339040063CDE8 /* MyHoodAppTests */ = {
			isa = PBXNativeTarget;
			buildConfigurationList = 36D71C081CB339040063CDE8 /* Build configuration list for PBXNativeTarget "MyHoodAppTests" */;
			buildPhases = (
				36D71BED1CB339040063CDE8 /* Sources */,
				36D71BEE1CB339040063CDE8 /* Frameworks */,
				36D71BEF1CB339040063CDE8 /* Resources */,
			);
			buildRules = (
			);
			dependencies = (
				36D71BF31CB339040063CDE8 /* PBXTargetDependency */,
			);
			name = MyHoodAppTests;
			productName = MyHoodAppTests;
			productReference = 36D71BF11CB339040063CDE8 /* MyHoodAppTests.xctest */;
			productType = "com.apple.product-type.bundle.unit-test";
		};
		36D71BFB1CB339040063CDE8 /* MyHoodAppUITests */ = {
			isa = PBXNativeTarget;
			buildConfigurationList = 36D71C0B1CB339040063CDE8 /* Build configuration list for PBXNativeTarget "MyHoodAppUITests" */;
			buildPhases = (
				36D71BF81CB339040063CDE8 /* Sources */,
				36D71BF91CB339040063CDE8 /* Frameworks */,
				36D71BFA1CB339040063CDE8 /* Resources */,
			);
			buildRules = (
			);
			dependencies = (
				36D71BFE1CB339040063CDE8 /* PBXTargetDependency */,
			);
			name = MyHoodAppUITests;
			productName = MyHoodAppUITests;
			productReference = 36D71BFC1CB339040063CDE8 /* MyHoodAppUITests.xctest */;
			productType = "com.apple.product-type.bundle.ui-testing";
		};
/* End PBXNativeTarget section */

/* Begin PBXProject section */
		36D71BD51CB339040063CDE8 /* Project object */ = {
			isa = PBXProject;
			attributes = {
				LastSwiftUpdateCheck = 0730;
				LastUpgradeCheck = 0730;
				ORGANIZATIONNAME = kaydot;
				TargetAttributes = {
					36D71BDC1CB339040063CDE8 = {
						CreatedOnToolsVersion = 7.3;
						DevelopmentTeam = AQS9XPGKCF;
					};
					36D71BF01CB339040063CDE8 = {
						CreatedOnToolsVersion = 7.3;
						DevelopmentTeam = AQS9XPGKCF;
						TestTargetID = 36D71BDC1CB339040063CDE8;
					};
					36D71BFB1CB339040063CDE8 = {
						CreatedOnToolsVersion = 7.3;
						DevelopmentTeam = AQS9XPGKCF;
						TestTargetID = 36D71BDC1CB339040063CDE8;
					};
				};
			};
			buildConfigurationList = 36D71BD81CB339040063CDE8 /* Build configuration list for PBXProject "MyHoodApp" */;
			compatibilityVersion = "Xcode 3.2";
			developmentRegion = English;
			hasScannedForEncodings = 0;
			knownRegions = (
				en,
				Base,
			);
			mainGroup = 36D71BD41CB339040063CDE8;
			productRefGroup = 36D71BDE1CB339040063CDE8 /* Products */;
			projectDirPath = "";
			projectRoot = "";
			targets = (
				36D71BDC1CB339040063CDE8 /* MyHoodApp */,
				36D71BF01CB339040063CDE8 /* MyHoodAppTests */,
				36D71BFB1CB339040063CDE8 /* MyHoodAppUITests */,
			);
		};
/* End PBXProject section */

/* Begin PBXResourcesBuildPhase section */
		36D71BDB1CB339040063CDE8 /* Resources */ = {
			isa = PBXResourcesBuildPhase;
			buildActionMask = 2147483647;
			files = (
				36D71BEB1CB339040063CDE8 /* LaunchScreen.storyboard in Resources */,
				36D71BE81CB339040063CDE8 /* Assets.xcassets in Resources */,
				36D71BE61CB339040063CDE8 /* Main.storyboard in Resources */,
			);
			runOnlyForDeploymentPostprocessing = 0;
		};
		36D71BEF1CB339040063CDE8 /* Resources */ = {
			isa = PBXResourcesBuildPhase;
			buildActionMask = 2147483647;
			files = (
			);
			runOnlyForDeploymentPostprocessing = 0;
		};
		36D71BFA1CB339040063CDE8 /* Resources */ = {
			isa = PBXResourcesBuildPhase;
			buildActionMask = 2147483647;
			files = (
			);
			runOnlyForDeploymentPostprocessing = 0;
		};
/* End PBXResourcesBuildPhase section */

/* Begin PBXSourcesBuildPhase section */
		36D71BD91CB339040063CDE8 /* Sources */ = {
			isa = PBXSourcesBuildPhase;
			buildActionMask = 2147483647;
			files = (
				367AF8731CBDEA3F0061EAE5 /* Post.swift in Sources */,
				367AF87D1CBE87290061EAE5 /* DataService.swift in Sources */,
				36D71BE31CB339040063CDE8 /* ViewController.swift in Sources */,
				367AF8791CBDFE370061EAE5 /* AddPostVC.swift in Sources */,
				36D71BE11CB339040063CDE8 /* AppDelegate.swift in Sources */,
				367AF87B1CBE02690061EAE5 /* circularImg.swift in Sources */,
				367AF8761CBDF3000061EAE5 /* PostCell.swift in Sources */,
			);
			runOnlyForDeploymentPostprocessing = 0;
		};
		36D71BED1CB339040063CDE8 /* Sources */ = {
			isa = PBXSourcesBuildPhase;
			buildActionMask = 2147483647;
			files = (
				36D71BF61CB339040063CDE8 /* MyHoodAppTests.swift in Sources */,
			);
			runOnlyForDeploymentPostprocessing = 0;
		};
		36D71BF81CB339040063CDE8 /* Sources */ = {
			isa = PBXSourcesBuildPhase;
			buildActionMask = 2147483647;
			files = (
				36D71C011CB339040063CDE8 /* MyHoodAppUITests.swift in Sources */,
			);
			runOnlyForDeploymentPostprocessing = 0;
		};
/* End PBXSourcesBuildPhase section */

/* Begin PBXTargetDependency section */
		36D71BF31CB339040063CDE8 /* PBXTargetDependency */ = {
			isa = PBXTargetDependency;
			target = 36D71BDC1CB339040063CDE8 /* MyHoodApp */;
			targetProxy = 36D71BF21CB339040063CDE8 /* PBXContainerItemProxy */;
		};
		36D71BFE1CB339040063CDE8 /* PBXTargetDependency */ = {
			isa = PBXTargetDependency;
			target = 36D71BDC1CB339040063CDE8 /* MyHoodApp */;
			targetProxy = 36D71BFD1CB339040063CDE8 /* PBXContainerItemProxy */;
		};
/* End PBXTargetDependency section */

/* Begin PBXVariantGroup section */
		36D71BE41CB339040063CDE8 /* Main.storyboard */ = {
			isa = PBXVariantGroup;
			children = (
				36D71BE51CB339040063CDE8 /* Base */,
			);
			name = Main.storyboard;
			sourceTree = "<group>";
		};
		36D71BE91CB339040063CDE8 /* LaunchScreen.storyboard */ = {
			isa = PBXVariantGroup;
			children = (
				36D71BEA1CB339040063CDE8 /* Base */,
			);
			name = LaunchScreen.storyboard;
			sourceTree = "<group>";
		};
/* End PBXVariantGroup section */

/* Begin XCBuildConfiguration section */
		36D71C031CB339040063CDE8 /* Debug */ = {
			isa = XCBuildConfiguration;
			buildSettings = {
				ALWAYS_SEARCH_USER_PATHS = NO;
				CLANG_ANALYZER_NONNULL = YES;
				CLANG_CXX_LANGUAGE_STANDARD = "gnu++0x";
				CLANG_CXX_LIBRARY = "libc++";
				CLANG_ENABLE_MODULES = YES;
				CLANG_ENABLE_OBJC_ARC = YES;
				CLANG_WARN_BOOL_CONVERSION = YES;
				CLANG_WARN_CONSTANT_CONVERSION = YES;
				CLANG_WARN_DIRECT_OBJC_ISA_USAGE = YES_ERROR;
				CLANG_WARN_EMPTY_BODY = YES;
				CLANG_WARN_ENUM_CONVERSION = YES;
				CLANG_WARN_INT_CONVERSION = YES;
				CLANG_WARN_OBJC_ROOT_CLASS = YES_ERROR;
				CLANG_WARN_UNREACHABLE_CODE = YES;
				CLANG_WARN__DUPLICATE_METHOD_MATCH = YES;
				"CODE_SIGN_IDENTITY[sdk=iphoneos*]" = "iPhone Developer";
				COPY_PHASE_STRIP = NO;
				DEBUG_INFORMATION_FORMAT = dwarf;
				ENABLE_STRICT_OBJC_MSGSEND = YES;
				ENABLE_TESTABILITY = YES;
				GCC_C_LANGUAGE_STANDARD = gnu99;
				GCC_DYNAMIC_NO_PIC = NO;
				GCC_NO_COMMON_BLOCKS = YES;
				GCC_OPTIMIZATION_LEVEL = 0;
				GCC_PREPROCESSOR_DEFINITIONS = (
					"DEBUG=1",
					"$(inherited)",
				);
				GCC_WARN_64_TO_32_BIT_CONVERSION = YES;
				GCC_WARN_ABOUT_RETURN_TYPE = YES_ERROR;
				GCC_WARN_UNDECLARED_SELECTOR = YES;
				GCC_WARN_UNINITIALIZED_AUTOS = YES_AGGRESSIVE;
				GCC_WARN_UNUSED_FUNCTION = YES;
				GCC_WARN_UNUSED_VARIABLE = YES;
				IPHONEOS_DEPLOYMENT_TARGET = 9.3;
				MTL_ENABLE_DEBUG_INFO = YES;
				ONLY_ACTIVE_ARCH = YES;
				SDKROOT = iphoneos;
				SWIFT_OPTIMIZATION_LEVEL = "-Onone";
				TARGETED_DEVICE_FAMILY = "1,2";
			};
			name = Debug;
		};
		36D71C041CB339040063CDE8 /* Release */ = {
			isa = XCBuildConfiguration;
			buildSettings = {
				ALWAYS_SEARCH_USER_PATHS = NO;
				CLANG_ANALYZER_NONNULL = YES;
				CLANG_CXX_LANGUAGE_STANDARD = "gnu++0x";
				CLANG_CXX_LIBRARY = "libc++";
				CLANG_ENABLE_MODULES = YES;
				CLANG_ENABLE_OBJC_ARC = YES;
				CLANG_WARN_BOOL_CONVERSION = YES;
				CLANG_WARN_CONSTANT_CONVERSION = YES;
				CLANG_WARN_DIRECT_OBJC_ISA_USAGE = YES_ERROR;
				CLANG_WARN_EMPTY_BODY = YES;
				CLANG_WARN_ENUM_CONVERSION = YES;
				CLANG_WARN_INT_CONVERSION = YES;
				CLANG_WARN_OBJC_ROOT_CLASS = YES_ERROR;
				CLANG_WARN_UNREACHABLE_CODE = YES;
				CLANG_WARN__DUPLICATE_METHOD_MATCH = YES;
				"CODE_SIGN_IDENTITY[sdk=iphoneos*]" = "iPhone Developer";
				COPY_PHASE_STRIP = NO;
				DEBUG_INFORMATION_FORMAT = "dwarf-with-dsym";
				ENABLE_NS_ASSERTIONS = NO;
				ENABLE_STRICT_OBJC_MSGSEND = YES;
				GCC_C_LANGUAGE_STANDARD = gnu99;
				GCC_NO_COMMON_BLOCKS = YES;
				GCC_WARN_64_TO_32_BIT_CONVERSION = YES;
				GCC_WARN_ABOUT_RETURN_TYPE = YES_ERROR;
				GCC_WARN_UNDECLARED_SELECTOR = YES;
				GCC_WARN_UNINITIALIZED_AUTOS = YES_AGGRESSIVE;
				GCC_WARN_UNUSED_FUNCTION = YES;
				GCC_WARN_UNUSED_VARIABLE = YES;
				IPHONEOS_DEPLOYMENT_TARGET = 9.3;
				MTL_ENABLE_DEBUG_INFO = NO;
				SDKROOT = iphoneos;
				TARGETED_DEVICE_FAMILY = "1,2";
				VALIDATE_PRODUCT = YES;
			};
			name = Release;
		};
		36D71C061CB339040063CDE8 /* Debug */ = {
			isa = XCBuildConfiguration;
			buildSettings = {
				ASSETCATALOG_COMPILER_APPICON_NAME = AppIcon;
				INFOPLIST_FILE = MyHoodApp/Info.plist;
				LD_RUNPATH_SEARCH_PATHS = "$(inherited) @executable_path/Frameworks";
				PRODUCT_BUNDLE_IDENTIFIER = com.kaydot.MyHoodApp;
				PRODUCT_NAME = "$(TARGET_NAME)";
			};
			name = Debug;
		};
		36D71C071CB339040063CDE8 /* Release */ = {
			isa = XCBuildConfiguration;
			buildSettings = {
				ASSETCATALOG_COMPILER_APPICON_NAME = AppIcon;
				INFOPLIST_FILE = MyHoodApp/Info.plist;
				LD_RUNPATH_SEARCH_PATHS = "$(inherited) @executable_path/Frameworks";
				PRODUCT_BUNDLE_IDENTIFIER = com.kaydot.MyHoodApp;
				PRODUCT_NAME = "$(TARGET_NAME)";
			};
			name = Release;
		};
		36D71C091CB339040063CDE8 /* Debug */ = {
			isa = XCBuildConfiguration;
			buildSettings = {
				BUNDLE_LOADER = "$(TEST_HOST)";
				INFOPLIST_FILE = MyHoodAppTests/Info.plist;
				LD_RUNPATH_SEARCH_PATHS = "$(inherited) @executable_path/Frameworks @loader_path/Frameworks";
				PRODUCT_BUNDLE_IDENTIFIER = com.kaydot.MyHoodAppTests;
				PRODUCT_NAME = "$(TARGET_NAME)";
				TEST_HOST = "$(BUILT_PRODUCTS_DIR)/MyHoodApp.app/MyHoodApp";
			};
			name = Debug;
		};
		36D71C0A1CB339040063CDE8 /* Release */ = {
			isa = XCBuildConfiguration;
			buildSettings = {
				BUNDLE_LOADER = "$(TEST_HOST)";
				INFOPLIST_FILE = MyHoodAppTests/Info.plist;
				LD_RUNPATH_SEARCH_PATHS = "$(inherited) @executable_path/Frameworks @loader_path/Frameworks";
				PRODUCT_BUNDLE_IDENTIFIER = com.kaydot.MyHoodAppTests;
				PRODUCT_NAME = "$(TARGET_NAME)";
				TEST_HOST = "$(BUILT_PRODUCTS_DIR)/MyHoodApp.app/MyHoodApp";
			};
			name = Release;
		};
		36D71C0C1CB339040063CDE8 /* Debug */ = {
			isa = XCBuildConfiguration;
			buildSettings = {
				INFOPLIST_FILE = MyHoodAppUITests/Info.plist;
				LD_RUNPATH_SEARCH_PATHS = "$(inherited) @executable_path/Frameworks @loader_path/Frameworks";
				PRODUCT_BUNDLE_IDENTIFIER = com.kaydot.MyHoodAppUITests;
				PRODUCT_NAME = "$(TARGET_NAME)";
				TEST_TARGET_NAME = MyHoodApp;
			};
			name = Debug;
		};
		36D71C0D1CB339040063CDE8 /* Release */ = {
			isa = XCBuildConfiguration;
			buildSettings = {
				INFOPLIST_FILE = MyHoodAppUITests/Info.plist;
				LD_RUNPATH_SEARCH_PATHS = "$(inherited) @executable_path/Frameworks @loader_path/Frameworks";
				PRODUCT_BUNDLE_IDENTIFIER = com.kaydot.MyHoodAppUITests;
				PRODUCT_NAME = "$(TARGET_NAME)";
				TEST_TARGET_NAME = MyHoodApp;
			};
			name = Release;
		};
/* End XCBuildConfiguration section */

/* Begin XCConfigurationList section */
		36D71BD81CB339040063CDE8 /* Build configuration list for PBXProject "MyHoodApp" */ = {
			isa = XCConfigurationList;
			buildConfigurations = (
				36D71C031CB339040063CDE8 /* Debug */,
				36D71C041CB339040063CDE8 /* Release */,
			);
			defaultConfigurationIsVisible = 0;
			defaultConfigurationName = Release;
		};
		36D71C051CB339040063CDE8 /* Build configuration list for PBXNativeTarget "MyHoodApp" */ = {
			isa = XCConfigurationList;
			buildConfigurations = (
				36D71C061CB339040063CDE8 /* Debug */,
				36D71C071CB339040063CDE8 /* Release */,
			);
			defaultConfigurationIsVisible = 0;
			defaultConfigurationName = Release;
		};
		36D71C081CB339040063CDE8 /* Build configuration list for PBXNativeTarget "MyHoodAppTests" */ = {
			isa = XCConfigurationList;
			buildConfigurations = (
				36D71C091CB339040063CDE8 /* Debug */,
				36D71C0A1CB339040063CDE8 /* Release */,
			);
			defaultConfigurationIsVisible = 0;
			defaultConfigurationName = Release;
		};
		36D71C0B1CB339040063CDE8 /* Build configuration list for PBXNativeTarget "MyHoodAppUITests" */ = {
			isa = XCConfigurationList;
			buildConfigurations = (
				36D71C0C1CB339040063CDE8 /* Debug */,
				36D71C0D1CB339040063CDE8 /* Release */,
			);
			defaultConfigurationIsVisible = 0;
			defaultConfigurationName = Release;
		};
/* End XCConfigurationList section */
	};
	rootObject = 36D71BD51CB339040063CDE8 /* Project object */;
}
